{
	"name": "foo",
	"version": "0.0.0",
	"lockfileVersion": 2,
	"requires": true,
	"packages": {
		"": {
			"name": "foo",
			"version": "0.0.0",
			"license": "ISC",
			"dependencies": {
				"@types/node": "16.11.16",
				"typescript": "4.5.4"
			}
		},
		"../dependency": {
			"version": "0.0.0",
			"extraneous": true,
			"license": "ISC"
		},
		"node_modules/@types/node": {
			"version": "16.11.16",
			"resolved": "https://registry.npmjs.org/@types/node/-/node-16.11.16.tgz",
			"integrity": "sha512-Mt07oPv0YcV0OQMZ+ZDZbuNeL8024sJb1OJTtzG014ACGHVLB3sXzuXhnQaHI8fgMOLLTeHOasaltpGUMD0zrg=="
		},
		"node_modules/typescript": {
			"version": "4.5.4",
			"resolved": "https://registry.npmjs.org/typescript/-/typescript-4.5.4.tgz",
			"integrity": "sha512-VgYs2A2QIRuGphtzFV7aQJduJ2gyfTljngLzjpfW9FoYZF6xuw1W0vW9ghCKLfcWrCFxK81CSGRAvS1pn4fIUg==",
			"bin": {
				"tsc": "bin/tsc",
				"tsserver": "bin/tsserver"
			},
			"engines": {
				"node": ">=4.2.0"
			}
		}
	},
	"dependencies": {
		"@types/node": {
			"version": "16.11.16",
			"resolved": "https://registry.npmjs.org/@types/node/-/node-16.11.16.tgz",
			"integrity": "sha512-Mt07oPv0YcV0OQMZ+ZDZbuNeL8024sJb1OJTtzG014ACGHVLB3sXzuXhnQaHI8fgMOLLTeHOasaltpGUMD0zrg=="
		},
		"typescript": {
			"version": "4.5.4",
			"resolved": "https://registry.npmjs.org/typescript/-/typescript-4.5.4.tgz",
			"integrity": "sha512-VgYs2A2QIRuGphtzFV7aQJduJ2gyfTljngLzjpfW9FoYZF6xuw1W0vW9ghCKLfcWrCFxK81CSGRAvS1pn4fIUg=="
		}
	}
}
